
Microsoft Visual Studio Solution File, Format Version 12.00
# Visual Studio Version 16
VisualStudioVersion = 16.0.28922.388
MinimumVisualStudioVersion = 10.0.40219.1
Project("{FAE04EC0-301F-11D3-BF4B-00C04F79EFBC}") = "Challenge 377 - Reddit", "Challenge 377 - Reddit.csproj", "{89DB7E53-48ED-4DC6-88D0-9A5980C5E944}"
EndProject
Global
	GlobalSection(SolutionConfigurationPlatforms) = preSolution
		Debug|Any CPU = Debug|Any CPU
		Release|Any CPU = Release|Any CPU
	EndGlobalSection
	GlobalSection(ProjectConfigurationPlatforms) = postSolution
		{89DB7E53-48ED-4DC6-88D0-9A5980C5E944}.Debug|Any CPU.ActiveCfg = Debug|Any CPU
		{89DB7E53-48ED-4DC6-88D0-9A5980C5E944}.Debug|Any CPU.Build.0 = Debug|Any CPU
		{89DB7E53-48ED-4DC6-88D0-9A5980C5E944}.Release|Any CPU.ActiveCfg = Release|Any CPU
		{89DB7E53-48ED-4DC6-88D0-9A5980C5E944}.Release|Any CPU.Build.0 = Release|Any CPU
	EndGlobalSection
	GlobalSection(SolutionProperties) = preSolution
		HideSolutionNode = FALSE
	EndGlobalSection
	GlobalSection(ExtensibilityGlobals) = postSolution
		SolutionGuid = {A3C083DA-6DD0-4492-ADCC-1182B3865A84}
	EndGlobalSection
EndGlobal
